
Microsoft Visual Studio Solution File, Format Version 12.00
# Visual Studio Version 18
VisualStudioVersion = 18.5.11723.231 stable
MinimumVisualStudioVersion = 10.0.40219.1
Project("{FAE04EC0-301F-11D3-BF4B-00C04F79EFBC}") = "Aura.Core", "Aura.Core.csproj", "{4A1C1EAE-144C-D891-A245-73BA2075D6B1}"
EndProject
Global
	GlobalSection(SolutionConfigurationPlatforms) = preSolution
		Debug|Any CPU = Debug|Any CPU
		Release|Any CPU = Release|Any CPU
	EndGlobalSection
	GlobalSection(ProjectConfigurationPlatforms) = postSolution
		{4A1C1EAE-144C-D891-A245-73BA2075D6B1}.Debug|Any CPU.ActiveCfg = Debug|Any CPU
		{4A1C1EAE-144C-D891-A245-73BA2075D6B1}.Debug|Any CPU.Build.0 = Debug|Any CPU
		{4A1C1EAE-144C-D891-A245-73BA2075D6B1}.Release|Any CPU.ActiveCfg = Release|Any CPU
		{4A1C1EAE-144C-D891-A245-73BA2075D6B1}.Release|Any CPU.Build.0 = Release|Any CPU
	EndGlobalSection
	GlobalSection(SolutionProperties) = preSolution
		HideSolutionNode = FALSE
	EndGlobalSection
	GlobalSection(ExtensibilityGlobals) = postSolution
		SolutionGuid = {A4F7BCD2-9D27-4657-909E-ADAE28E91504}
	EndGlobalSection
EndGlobal
